
Microsoft Visual Studio Solution File, Format Version 12.00
# Visual Studio Version 16
VisualStudioVersion = 16.0.29806.167
MinimumVisualStudioVersion = 10.0.40219.1
Project("{9A19103F-16F7-4668-BE54-9A1E7A4F7556}") = "Taxi.Common", "Taxi.Common\Taxi.Common.csproj", "{1B4B0F0D-A136-48B8-A08E-AB411C35A2BB}"
EndProject
Project("{9A19103F-16F7-4668-BE54-9A1E7A4F7556}") = "Taxi.Web", "Taxi.Web\Taxi.Web.csproj", "{5CD7E2F7-34AD-4CFE-8844-7C8B4F20BDA6}"
EndProject
Project("{FAE04EC0-301F-11D3-BF4B-00C04F79EFBC}") = "Taxi.Prism", "Taxi.Prism\Taxi.Prism\Taxi.Prism.csproj", "{138CE82A-4137-408C-B68E-2854B919635F}"
EndProject
Project("{FAE04EC0-301F-11D3-BF4B-00C04F79EFBC}") = "Taxi.Prism.Android", "Taxi.Prism\Taxi.Prism.Android\Taxi.Prism.Android.csproj", "{33896149-77B0-4CA5-8F60-480FDF12E388}"
EndProject
Project("{FAE04EC0-301F-11D3-BF4B-00C04F79EFBC}") = "Taxi.Prism.iOS", "Taxi.Prism\Taxi.Prism.iOS\Taxi.Prism.iOS.csproj", "{F4F247E2-BE37-4499-802C-4E2DA6155392}"
EndProject
Project("{FAE04EC0-301F-11D3-BF4B-00C04F79EFBC}") = "Taxi.Cross.Android", "Taxi.Cross.Android\Taxi.Cross.Android.csproj", "{6599A8DA-700C-46F6-90C4-26982A6D415F}"
EndProject
Project("{FAE04EC0-301F-11D3-BF4B-00C04F79EFBC}") = "Taxi.Cross.IOS", "Taxi.Cross.IOS\Taxi.Cross.IOS.csproj", "{D6284AD3-846A-4EA4-902C-C0DBB345C08D}"
EndProject
Global
	GlobalSection(SolutionConfigurationPlatforms) = preSolution
		Ad-Hoc|Any CPU = Ad-Hoc|Any CPU
		Ad-Hoc|iPhone = Ad-Hoc|iPhone
		Ad-Hoc|iPhoneSimulator = Ad-Hoc|iPhoneSimulator
		AppStore|Any CPU = AppStore|Any CPU
		AppStore|iPhone = AppStore|iPhone
		AppStore|iPhoneSimulator = AppStore|iPhoneSimulator
		Debug|Any CPU = Debug|Any CPU
		Debug|iPhone = Debug|iPhone
		Debug|iPhoneSimulator = Debug|iPhoneSimulator
		Release|Any CPU = Release|Any CPU
		Release|iPhone = Release|iPhone
		Release|iPhoneSimulator = Release|iPhoneSimulator
	EndGlobalSection
	GlobalSection(ProjectConfigurationPlatforms) = postSolution
		{1B4B0F0D-A136-48B8-A08E-AB411C35A2BB}.Ad-Hoc|Any CPU.ActiveCfg = Release|Any CPU
		{1B4B0F0D-A136-48B8-A08E-AB411C35A2BB}.Ad-Hoc|Any CPU.Build.0 = Release|Any CPU
		{1B4B0F0D-A136-48B8-A08E-AB411C35A2BB}.Ad-Hoc|iPhone.ActiveCfg = Release|Any CPU
		{1B4B0F0D-A136-48B8-A08E-AB411C35A2BB}.Ad-Hoc|iPhone.Build.0 = Release|Any CPU
		{1B4B0F0D-A136-48B8-A08E-AB411C35A2BB}.Ad-Hoc|iPhoneSimulator.ActiveCfg = Release|Any CPU
		{1B4B0F0D-A136-48B8-A08E-AB411C35A2BB}.Ad-Hoc|iPhoneSimulator.Build.0 = Release|Any CPU
		{1B4B0F0D-A136-48B8-A08E-AB411C35A2BB}.AppStore|Any CPU.ActiveCfg = Release|Any CPU
		{1B4B0F0D-A136-48B8-A08E-AB411C35A2BB}.AppStore|Any CPU.Build.0 = Release|Any CPU
		{1B4B0F0D-A136-48B8-A08E-AB411C35A2BB}.AppStore|iPhone.ActiveCfg = Release|Any CPU
		{1B4B0F0D-A136-48B8-A08E-AB411C35A2BB}.AppStore|iPhone.Build.0 = Release|Any CPU
		{1B4B0F0D-A136-48B8-A08E-AB411C35A2BB}.AppStore|iPhoneSimulator.ActiveCfg = Release|Any CPU
		{1B4B0F0D-A136-48B8-A08E-AB411C35A2BB}.AppStore|iPhoneSimulator.Build.0 = Release|Any CPU
		{1B4B0F0D-A136-48B8-A08E-AB411C35A2BB}.Debug|Any CPU.ActiveCfg = Debug|Any CPU
		{1B4B0F0D-A136-48B8-A08E-AB411C35A2BB}.Debug|Any CPU.Build.0 = Debug|Any CPU
		{1B4B0F0D-A136-48B8-A08E-AB411C35A2BB}.Debug|iPhone.ActiveCfg = Debug|Any CPU
		{1B4B0F0D-A136-48B8-A08E-AB411C35A2BB}.Debug|iPhone.Build.0 = Debug|Any CPU
		{1B4B0F0D-A136-48B8-A08E-AB411C35A2BB}.Debug|iPhoneSimulator.ActiveCfg = Debug|Any CPU
		{1B4B0F0D-A136-48B8-A08E-AB411C35A2BB}.Debug|iPhoneSimulator.Build.0 = Debug|Any CPU
		{1B4B0F0D-A136-48B8-A08E-AB411C35A2BB}.Release|Any CPU.ActiveCfg = Release|Any CPU
		{1B4B0F0D-A136-48B8-A08E-AB411C35A2BB}.Release|Any CPU.Build.0 = Release|Any CPU
		{1B4B0F0D-A136-48B8-A08E-AB411C35A2BB}.Release|iPhone.ActiveCfg = Release|Any CPU
		{1B4B0F0D-A136-48B8-A08E-AB411C35A2BB}.Release|iPhone.Build.0 = Release|Any CPU
		{1B4B0F0D-A136-48B8-A08E-AB411C35A2BB}.Release|iPhoneSimulator.ActiveCfg = Release|Any CPU
		{1B4B0F0D-A136-48B8-A08E-AB411C35A2BB}.Release|iPhoneSimulator.Build.0 = Release|Any CPU
		{5CD7E2F7-34AD-4CFE-8844-7C8B4F20BDA6}.Ad-Hoc|Any CPU.ActiveCfg = Release|Any CPU
		{5CD7E2F7-34AD-4CFE-8844-7C8B4F20BDA6}.Ad-Hoc|Any CPU.Build.0 = Release|Any CPU
		{5CD7E2F7-34AD-4CFE-8844-7C8B4F20BDA6}.Ad-Hoc|iPhone.ActiveCfg = Release|Any CPU
		{5CD7E2F7-34AD-4CFE-8844-7C8B4F20BDA6}.Ad-Hoc|iPhone.Build.0 = Release|Any CPU
		{5CD7E2F7-34AD-4CFE-8844-7C8B4F20BDA6}.Ad-Hoc|iPhoneSimulator.ActiveCfg = Release|Any CPU
		{5CD7E2F7-34AD-4CFE-8844-7C8B4F20BDA6}.Ad-Hoc|iPhoneSimulator.Build.0 = Release|Any CPU
		{5CD7E2F7-34AD-4CFE-8844-7C8B4F20BDA6}.AppStore|Any CPU.ActiveCfg = Release|Any CPU
		{5CD7E2F7-34AD-4CFE-8844-7C8B4F20BDA6}.AppStore|Any CPU.Build.0 = Release|Any CPU
		{5CD7E2F7-34AD-4CFE-8844-7C8B4F20BDA6}.AppStore|iPhone.ActiveCfg = Release|Any CPU
		{5CD7E2F7-34AD-4CFE-8844-7C8B4F20BDA6}.AppStore|iPhone.Build.0 = Release|Any CPU
		{5CD7E2F7-34AD-4CFE-8844-7C8B4F20BDA6}.AppStore|iPhoneSimulator.ActiveCfg = Release|Any CPU
		{5CD7E2F7-34AD-4CFE-8844-7C8B4F20BDA6}.AppStore|iPhoneSimulator.Build.0 = Release|Any CPU
		{5CD7E2F7-34AD-4CFE-8844-7C8B4F20BDA6}.Debug|Any CPU.ActiveCfg = Debug|Any CPU
		{5CD7E2F7-34AD-4CFE-8844-7C8B4F20BDA6}.Debug|Any CPU.Build.0 = Debug|Any CPU
		{5CD7E2F7-34AD-4CFE-8844-7C8B4F20BDA6}.Debug|iPhone.ActiveCfg = Debug|Any CPU
		{5CD7E2F7-34AD-4CFE-8844-7C8B4F20BDA6}.Debug|iPhone.Build.0 = Debug|Any CPU
		{5CD7E2F7-34AD-4CFE-8844-7C8B4F20BDA6}.Debug|iPhoneSimulator.ActiveCfg = Debug|Any CPU
		{5CD7E2F7-34AD-4CFE-8844-7C8B4F20BDA6}.Debug|iPhoneSimulator.Build.0 = Debug|Any CPU
		{5CD7E2F7-34AD-4CFE-8844-7C8B4F20BDA6}.Release|Any CPU.ActiveCfg = Release|Any CPU
		{5CD7E2F7-34AD-4CFE-8844-7C8B4F20BDA6}.Release|Any CPU.Build.0 = Release|Any CPU
		{5CD7E2F7-34AD-4CFE-8844-7C8B4F20BDA6}.Release|iPhone.ActiveCfg = Release|Any CPU
		{5CD7E2F7-34AD-4CFE-8844-7C8B4F20BDA6}.Release|iPhone.Build.0 = Release|Any CPU
		{5CD7E2F7-34AD-4CFE-8844-7C8B4F20BDA6}.Release|iPhoneSimulator.ActiveCfg = Release|Any CPU
		{5CD7E2F7-34AD-4CFE-8844-7C8B4F20BDA6}.Release|iPhoneSimulator.Build.0 = Release|Any CPU
		{138CE82A-4137-408C-B68E-2854B919635F}.Ad-Hoc|Any CPU.ActiveCfg = Debug|Any CPU
		{138CE82A-4137-408C-B68E-2854B919635F}.Ad-Hoc|Any CPU.Build.0 = Debug|Any CPU
		{138CE82A-4137-408C-B68E-2854B919635F}.Ad-Hoc|iPhone.ActiveCfg = Debug|Any CPU
		{138CE82A-4137-408C-B68E-2854B919635F}.Ad-Hoc|iPhone.Build.0 = Debug|Any CPU
		{138CE82A-4137-408C-B68E-2854B919635F}.Ad-Hoc|iPhoneSimulator.ActiveCfg = Debug|Any CPU
		{138CE82A-4137-408C-B68E-2854B919635F}.Ad-Hoc|iPhoneSimulator.Build.0 = Debug|Any CPU
		{138CE82A-4137-408C-B68E-2854B919635F}.AppStore|Any CPU.ActiveCfg = Debug|Any CPU
		{138CE82A-4137-408C-B68E-2854B919635F}.AppStore|Any CPU.Build.0 = Debug|Any CPU
		{138CE82A-4137-408C-B68E-2854B919635F}.AppStore|iPhone.ActiveCfg = Debug|Any CPU
		{138CE82A-4137-408C-B68E-2854B919635F}.AppStore|iPhone.Build.0 = Debug|Any CPU
		{138CE82A-4137-408C-B68E-2854B919635F}.AppStore|iPhoneSimulator.ActiveCfg = Debug|Any CPU
		{138CE82A-4137-408C-B68E-2854B919635F}.AppStore|iPhoneSimulator.Build.0 = Debug|Any CPU
		{138CE82A-4137-408C-B68E-2854B919635F}.Debug|Any CPU.ActiveCfg = Debug|Any CPU
		{138CE82A-4137-408C-B68E-2854B919635F}.Debug|Any CPU.Build.0 = Debug|Any CPU
		{138CE82A-4137-408C-B68E-2854B919635F}.Debug|iPhone.ActiveCfg = Debug|Any CPU
		{138CE82A-4137-408C-B68E-2854B919635F}.Debug|iPhone.Build.0 = Debug|Any CPU
		{138CE82A-4137-408C-B68E-2854B919635F}.Debug|iPhoneSimulator.ActiveCfg = Debug|Any CPU
		{138CE82A-4137-408C-B68E-2854B919635F}.Debug|iPhoneSimulator.Build.0 = Debug|Any CPU
		{138CE82A-4137-408C-B68E-2854B919635F}.Release|Any CPU.ActiveCfg = Release|Any CPU
		{138CE82A-4137-408C-B68E-2854B919635F}.Release|Any CPU.Build.0 = Release|Any CPU
		{138CE82A-4137-408C-B68E-2854B919635F}.Release|iPhone.ActiveCfg = Release|Any CPU
		{138CE82A-4137-408C-B68E-2854B919635F}.Release|iPhone.Build.0 = Release|Any CPU
		{138CE82A-4137-408C-B68E-2854B919635F}.Release|iPhoneSimulator.ActiveCfg = Release|Any CPU
		{138CE82A-4137-408C-B68E-2854B919635F}.Release|iPhoneSimulator.Build.0 = Release|Any CPU
		{33896149-77B0-4CA5-8F60-480FDF12E388}.Ad-Hoc|Any CPU.ActiveCfg = Release|Any CPU
		{33896149-77B0-4CA5-8F60-480FDF12E388}.Ad-Hoc|Any CPU.Build.0 = Release|Any CPU
		{33896149-77B0-4CA5-8F60-480FDF12E388}.Ad-Hoc|Any CPU.Deploy.0 = Release|Any CPU
		{33896149-77B0-4CA5-8F60-480FDF12E388}.Ad-Hoc|iPhone.ActiveCfg = Release|Any CPU
		{33896149-77B0-4CA5-8F60-480FDF12E388}.Ad-Hoc|iPhone.Build.0 = Release|Any CPU
		{33896149-77B0-4CA5-8F60-480FDF12E388}.Ad-Hoc|iPhone.Deploy.0 = Release|Any CPU
		{33896149-77B0-4CA5-8F60-480FDF12E388}.Ad-Hoc|iPhoneSimulator.ActiveCfg = Release|Any CPU
		{33896149-77B0-4CA5-8F60-480FDF12E388}.Ad-Hoc|iPhoneSimulator.Build.0 = Release|Any CPU
		{33896149-77B0-4CA5-8F60-480FDF12E388}.Ad-Hoc|iPhoneSimulator.Deploy.0 = Release|Any CPU
		{33896149-77B0-4CA5-8F60-480FDF12E388}.AppStore|Any CPU.ActiveCfg = Release|Any CPU
		{33896149-77B0-4CA5-8F60-480FDF12E388}.AppStore|Any CPU.Build.0 = Release|Any CPU
		{33896149-77B0-4CA5-8F60-480FDF12E388}.AppStore|Any CPU.Deploy.0 = Release|Any CPU
		{33896149-77B0-4CA5-8F60-480FDF12E388}.AppStore|iPhone.ActiveCfg = Release|Any CPU
		{33896149-77B0-4CA5-8F60-480FDF12E388}.AppStore|iPhone.Build.0 = Release|Any CPU
		{33896149-77B0-4CA5-8F60-480FDF12E388}.AppStore|iPhone.Deploy.0 = Release|Any CPU
		{33896149-77B0-4CA5-8F60-480FDF12E388}.AppStore|iPhoneSimulator.ActiveCfg = Release|Any CPU
		{33896149-77B0-4CA5-8F60-480FDF12E388}.AppStore|iPhoneSimulator.Build.0 = Release|Any CPU
		{33896149-77B0-4CA5-8F60-480FDF12E388}.AppStore|iPhoneSimulator.Deploy.0 = Release|Any CPU
		{33896149-77B0-4CA5-8F60-480FDF12E388}.Debug|Any CPU.ActiveCfg = Debug|Any CPU
		{33896149-77B0-4CA5-8F60-480FDF12E388}.Debug|Any CPU.Build.0 = Debug|Any CPU
		{33896149-77B0-4CA5-8F60-480FDF12E388}.Debug|Any CPU.Deploy.0 = Debug|Any CPU
		{33896149-77B0-4CA5-8F60-480FDF12E388}.Debug|iPhone.ActiveCfg = Debug|Any CPU
		{33896149-77B0-4CA5-8F60-480FDF12E388}.Debug|iPhone.Build.0 = Debug|Any CPU
		{33896149-77B0-4CA5-8F60-480FDF12E388}.Debug|iPhone.Deploy.0 = Debug|Any CPU
		{33896149-77B0-4CA5-8F60-480FDF12E388}.Debug|iPhoneSimulator.ActiveCfg = Debug|Any CPU
		{33896149-77B0-4CA5-8F60-480FDF12E388}.Debug|iPhoneSimulator.Build.0 = Debug|Any CPU
		{33896149-77B0-4CA5-8F60-480FDF12E388}.Debug|iPhoneSimulator.Deploy.0 = Debug|Any CPU
		{33896149-77B0-4CA5-8F60-480FDF12E388}.Release|Any CPU.ActiveCfg = Release|Any CPU
		{33896149-77B0-4CA5-8F60-480FDF12E388}.Release|Any CPU.Build.0 = Release|Any CPU
		{33896149-77B0-4CA5-8F60-480FDF12E388}.Release|Any CPU.Deploy.0 = Release|Any CPU
		{33896149-77B0-4CA5-8F60-480FDF12E388}.Release|iPhone.ActiveCfg = Release|Any CPU
		{33896149-77B0-4CA5-8F60-480FDF12E388}.Release|iPhone.Build.0 = Release|Any CPU
		{33896149-77B0-4CA5-8F60-480FDF12E388}.Release|iPhone.Deploy.0 = Release|Any CPU
		{33896149-77B0-4CA5-8F60-480FDF12E388}.Release|iPhoneSimulator.ActiveCfg = Release|Any CPU
		{33896149-77B0-4CA5-8F60-480FDF12E388}.Release|iPhoneSimulator.Build.0 = Release|Any CPU
		{33896149-77B0-4CA5-8F60-480FDF12E388}.Release|iPhoneSimulator.Deploy.0 = Release|Any CPU
		{F4F247E2-BE37-4499-802C-4E2DA6155392}.Ad-Hoc|Any CPU.ActiveCfg = Ad-Hoc|iPhone
		{F4F247E2-BE37-4499-802C-4E2DA6155392}.Ad-Hoc|iPhone.ActiveCfg = Ad-Hoc|iPhone
		{F4F247E2-BE37-4499-802C-4E2DA6155392}.Ad-Hoc|iPhone.Build.0 = Ad-Hoc|iPhone
		{F4F247E2-BE37-4499-802C-4E2DA6155392}.Ad-Hoc|iPhoneSimulator.ActiveCfg = Ad-Hoc|iPhoneSimulator
		{F4F247E2-BE37-4499-802C-4E2DA6155392}.Ad-Hoc|iPhoneSimulator.Build.0 = Ad-Hoc|iPhoneSimulator
		{F4F247E2-BE37-4499-802C-4E2DA6155392}.AppStore|Any CPU.ActiveCfg = AppStore|iPhone
		{F4F247E2-BE37-4499-802C-4E2DA6155392}.AppStore|iPhone.ActiveCfg = AppStore|iPhone
		{F4F247E2-BE37-4499-802C-4E2DA6155392}.AppStore|iPhone.Build.0 = AppStore|iPhone
		{F4F247E2-BE37-4499-802C-4E2DA6155392}.AppStore|iPhoneSimulator.ActiveCfg = AppStore|iPhoneSimulator
		{F4F247E2-BE37-4499-802C-4E2DA6155392}.AppStore|iPhoneSimulator.Build.0 = AppStore|iPhoneSimulator
		{F4F247E2-BE37-4499-802C-4E2DA6155392}.Debug|Any CPU.ActiveCfg = Debug|iPhone
		{F4F247E2-BE37-4499-802C-4E2DA6155392}.Debug|iPhone.ActiveCfg = Debug|iPhone
		{F4F247E2-BE37-4499-802C-4E2DA6155392}.Debug|iPhone.Build.0 = Debug|iPhone
		{F4F247E2-BE37-4499-802C-4E2DA6155392}.Debug|iPhoneSimulator.ActiveCfg = Debug|iPhoneSimulator
		{F4F247E2-BE37-4499-802C-4E2DA6155392}.Debug|iPhoneSimulator.Build.0 = Debug|iPhoneSimulator
		{F4F247E2-BE37-4499-802C-4E2DA6155392}.Release|Any CPU.ActiveCfg = Release|iPhone
		{F4F247E2-BE37-4499-802C-4E2DA6155392}.Release|iPhone.ActiveCfg = Release|iPhone
		{F4F247E2-BE37-4499-802C-4E2DA6155392}.Release|iPhone.Build.0 = Release|iPhone
		{F4F247E2-BE37-4499-802C-4E2DA6155392}.Release|iPhoneSimulator.ActiveCfg = Release|iPhoneSimulator
		{F4F247E2-BE37-4499-802C-4E2DA6155392}.Release|iPhoneSimulator.Build.0 = Release|iPhoneSimulator
		{6599A8DA-700C-46F6-90C4-26982A6D415F}.Ad-Hoc|Any CPU.ActiveCfg = Release|Any CPU
		{6599A8DA-700C-46F6-90C4-26982A6D415F}.Ad-Hoc|Any CPU.Build.0 = Release|Any CPU
		{6599A8DA-700C-46F6-90C4-26982A6D415F}.Ad-Hoc|Any CPU.Deploy.0 = Release|Any CPU
		{6599A8DA-700C-46F6-90C4-26982A6D415F}.Ad-Hoc|iPhone.ActiveCfg = Release|Any CPU
		{6599A8DA-700C-46F6-90C4-26982A6D415F}.Ad-Hoc|iPhone.Build.0 = Release|Any CPU
		{6599A8DA-700C-46F6-90C4-26982A6D415F}.Ad-Hoc|iPhone.Deploy.0 = Release|Any CPU
		{6599A8DA-700C-46F6-90C4-26982A6D415F}.Ad-Hoc|iPhoneSimulator.ActiveCfg = Release|Any CPU
		{6599A8DA-700C-46F6-90C4-26982A6D415F}.Ad-Hoc|iPhoneSimulator.Build.0 = Release|Any CPU
		{6599A8DA-700C-46F6-90C4-26982A6D415F}.Ad-Hoc|iPhoneSimulator.Deploy.0 = Release|Any CPU
		{6599A8DA-700C-46F6-90C4-26982A6D415F}.AppStore|Any CPU.ActiveCfg = Release|Any CPU
		{6599A8DA-700C-46F6-90C4-26982A6D415F}.AppStore|Any CPU.Build.0 = Release|Any CPU
		{6599A8DA-700C-46F6-90C4-26982A6D415F}.AppStore|Any CPU.Deploy.0 = Release|Any CPU
		{6599A8DA-700C-46F6-90C4-26982A6D415F}.AppStore|iPhone.ActiveCfg = Release|Any CPU
		{6599A8DA-700C-46F6-90C4-26982A6D415F}.AppStore|iPhone.Build.0 = Release|Any CPU
		{6599A8DA-700C-46F6-90C4-26982A6D415F}.AppStore|iPhone.Deploy.0 = Release|Any CPU
		{6599A8DA-700C-46F6-90C4-26982A6D415F}.AppStore|iPhoneSimulator.ActiveCfg = Release|Any CPU
		{6599A8DA-700C-46F6-90C4-26982A6D415F}.AppStore|iPhoneSimulator.Build.0 = Release|Any CPU
		{6599A8DA-700C-46F6-90C4-26982A6D415F}.AppStore|iPhoneSimulator.Deploy.0 = Release|Any CPU
		{6599A8DA-700C-46F6-90C4-26982A6D415F}.Debug|Any CPU.ActiveCfg = Debug|Any CPU
		{6599A8DA-700C-46F6-90C4-26982A6D415F}.Debug|Any CPU.Build.0 = Debug|Any CPU
		{6599A8DA-700C-46F6-90C4-26982A6D415F}.Debug|Any CPU.Deploy.0 = Debug|Any CPU
		{6599A8DA-700C-46F6-90C4-26982A6D415F}.Debug|iPhone.ActiveCfg = Debug|Any CPU
		{6599A8DA-700C-46F6-90C4-26982A6D415F}.Debug|iPhone.Build.0 = Debug|Any CPU
		{6599A8DA-700C-46F6-90C4-26982A6D415F}.Debug|iPhone.Deploy.0 = Debug|Any CPU
		{6599A8DA-700C-46F6-90C4-26982A6D415F}.Debug|iPhoneSimulator.ActiveCfg = Debug|Any CPU
		{6599A8DA-700C-46F6-90C4-26982A6D415F}.Debug|iPhoneSimulator.Build.0 = Debug|Any CPU
		{6599A8DA-700C-46F6-90C4-26982A6D415F}.Debug|iPhoneSimulator.Deploy.0 = Debug|Any CPU
		{6599A8DA-700C-46F6-90C4-26982A6D415F}.Release|Any CPU.ActiveCfg = Release|Any CPU
		{6599A8DA-700C-46F6-90C4-26982A6D415F}.Release|Any CPU.Build.0 = Release|Any CPU
		{6599A8DA-700C-46F6-90C4-26982A6D415F}.Release|Any CPU.Deploy.0 = Release|Any CPU
		{6599A8DA-700C-46F6-90C4-26982A6D415F}.Release|iPhone.ActiveCfg = Release|Any CPU
		{6599A8DA-700C-46F6-90C4-26982A6D415F}.Release|iPhone.Build.0 = Release|Any CPU
		{6599A8DA-700C-46F6-90C4-26982A6D415F}.Release|iPhone.Deploy.0 = Release|Any CPU
		{6599A8DA-700C-46F6-90C4-26982A6D415F}.Release|iPhoneSimulator.ActiveCfg = Release|Any CPU
		{6599A8DA-700C-46F6-90C4-26982A6D415F}.Release|iPhoneSimulator.Build.0 = Release|Any CPU
		{6599A8DA-700C-46F6-90C4-26982A6D415F}.Release|iPhoneSimulator.Deploy.0 = Release|Any CPU
		{D6284AD3-846A-4EA4-902C-C0DBB345C08D}.Ad-Hoc|Any CPU.ActiveCfg = Release|iPhone
		{D6284AD3-846A-4EA4-902C-C0DBB345C08D}.Ad-Hoc|Any CPU.Build.0 = Release|iPhone
		{D6284AD3-846A-4EA4-902C-C0DBB345C08D}.Ad-Hoc|iPhone.ActiveCfg = Release|iPhone
		{D6284AD3-846A-4EA4-902C-C0DBB345C08D}.Ad-Hoc|iPhone.Build.0 = Release|iPhone
		{D6284AD3-846A-4EA4-902C-C0DBB345C08D}.Ad-Hoc|iPhoneSimulator.ActiveCfg = Release|iPhoneSimulator
		{D6284AD3-846A-4EA4-902C-C0DBB345C08D}.Ad-Hoc|iPhoneSimulator.Build.0 = Release|iPhoneSimulator
		{D6284AD3-846A-4EA4-902C-C0DBB345C08D}.AppStore|Any CPU.ActiveCfg = Release|iPhone
		{D6284AD3-846A-4EA4-902C-C0DBB345C08D}.AppStore|Any CPU.Build.0 = Release|iPhone
		{D6284AD3-846A-4EA4-902C-C0DBB345C08D}.AppStore|iPhone.ActiveCfg = Release|iPhone
		{D6284AD3-846A-4EA4-902C-C0DBB345C08D}.AppStore|iPhone.Build.0 = Release|iPhone
		{D6284AD3-846A-4EA4-902C-C0DBB345C08D}.AppStore|iPhoneSimulator.ActiveCfg = Release|iPhoneSimulator
		{D6284AD3-846A-4EA4-902C-C0DBB345C08D}.AppStore|iPhoneSimulator.Build.0 = Release|iPhoneSimulator
		{D6284AD3-846A-4EA4-902C-C0DBB345C08D}.Debug|Any CPU.ActiveCfg = Debug|iPhone
		{D6284AD3-846A-4EA4-902C-C0DBB345C08D}.Debug|iPhone.ActiveCfg = Debug|iPhone
		{D6284AD3-846A-4EA4-902C-C0DBB345C08D}.Debug|iPhone.Build.0 = Debug|iPhone
		{D6284AD3-846A-4EA4-902C-C0DBB345C08D}.Debug|iPhoneSimulator.ActiveCfg = Debug|iPhoneSimulator
		{D6284AD3-846A-4EA4-902C-C0DBB345C08D}.Debug|iPhoneSimulator.Build.0 = Debug|iPhoneSimulator
		{D6284AD3-846A-4EA4-902C-C0DBB345C08D}.Release|Any CPU.ActiveCfg = Release|iPhone
		{D6284AD3-846A-4EA4-902C-C0DBB345C08D}.Release|iPhone.ActiveCfg = Release|iPhone
		{D6284AD3-846A-4EA4-902C-C0DBB345C08D}.Release|iPhone.Build.0 = Release|iPhone
		{D6284AD3-846A-4EA4-902C-C0DBB345C08D}.Release|iPhoneSimulator.ActiveCfg = Release|iPhoneSimulator
		{D6284AD3-846A-4EA4-902C-C0DBB345C08D}.Release|iPhoneSimulator.Build.0 = Release|iPhoneSimulator
	EndGlobalSection
	GlobalSection(SolutionProperties) = preSolution
		HideSolutionNode = FALSE
	EndGlobalSection
	GlobalSection(ExtensibilityGlobals) = postSolution
		SolutionGuid = {141FAE1C-356C-40DC-A8A0-799049A16E72}
	EndGlobalSection
EndGlobal
